{
  "version": 4,
  "terraform_version": "0.14.2",
  "serial": 34,
  "lineage": "b869ea4c-e842-3a0a-0be7-545ffd5ea881",
  "outputs": {},
  "resources": [
    {
      "mode": "managed",
      "type": "azurerm_network_interface",
      "name": "main",
      "provider": "provider[\"registry.terraform.io/hashicorp/azurerm\"]",
      "instances": [
        {
          "schema_version": 0,
          "attributes": {
            "applied_dns_servers": [],
            "dns_servers": [],
            "enable_accelerated_networking": false,
            "enable_ip_forwarding": false,
            "id": "/subscriptions/070cc18b-23e9-40a9-9052-648282af77e7/resourceGroups/azbsresourcegroup/providers/Microsoft.Network/networkInterfaces/azbstest-nic",
            "internal_dns_name_label": "",
            "internal_domain_name_suffix": "kq5fljgkecvudk0gszuw1iio4h.cx.internal.cloudapp.net",
            "ip_configuration": [
              {
                "name": "default",
                "primary": true,
                "private_ip_address": "10.1.0.6",
                "private_ip_address_allocation": "Dynamic",
                "private_ip_address_version": "IPv4",
                "public_ip_address_id": "",
                "subnet_id": "/subscriptions/070cc18b-23e9-40a9-9052-648282af77e7/resourceGroups/azbsresourcegroup/providers/Microsoft.Network/virtualNetworks/azbsresourcegroup-vnet/subnets/default"
              }
            ],
            "location": "eastus2",
            "mac_address": "00-0D-3A-0F-E1-DA",
            "name": "azbstest-nic",
            "private_ip_address": "10.1.0.6",
            "private_ip_addresses": [
              "10.1.0.6"
            ],
            "resource_group_name": "azbsresourcegroup",
            "tags": {},
            "timeouts": null,
            "virtual_machine_id": "/subscriptions/070cc18b-23e9-40a9-9052-648282af77e7/resourceGroups/azbsresourcegroup/providers/Microsoft.Compute/virtualMachines/azbstest-vm"
          },
          "sensitive_attributes": [],
          "private": "eyJlMmJmYjczMC1lY2FhLTExZTYtOGY4OC0zNDM2M2JjN2M0YzAiOnsiY3JlYXRlIjoxODAwMDAwMDAwMDAwLCJkZWxldGUiOjE4MDAwMDAwMDAwMDAsInJlYWQiOjMwMDAwMDAwMDAwMCwidXBkYXRlIjoxODAwMDAwMDAwMDAwfX0="
        }
      ]
    },
    {
      "mode": "managed",
      "type": "azurerm_virtual_machine_extension",
      "name": "domjoin",
      "provider": "provider[\"registry.terraform.io/hashicorp/azurerm\"]",
      "instances": [
        {
          "schema_version": 0,
          "attributes": {
            "auto_upgrade_minor_version": false,
            "id": "/subscriptions/070cc18b-23e9-40a9-9052-648282af77e7/resourceGroups/azbsresourcegroup/providers/Microsoft.Compute/virtualMachines/azbstest-vm/extensions/domjoin",
            "name": "domjoin",
            "protected_settings": "{\r\n    \"Password\": \"nhico@bat1119\"\r\n}\r\n",
            "publisher": "Microsoft.Compute",
            "settings": "{\"Name\":\"azuredomain.net\",\"OUPath\":\"\",\"Options\":\"3\",\"Restart\":\"true\",\"User\":\"vmadmin@azuredomain.net\"}",
            "tags": null,
            "timeouts": null,
            "type": "JsonADDomainExtension",
            "type_handler_version": "1.3",
            "virtual_machine_id": "/subscriptions/070cc18b-23e9-40a9-9052-648282af77e7/resourceGroups/azbsresourcegroup/providers/Microsoft.Compute/virtualMachines/azbstest-vm"
          },
          "sensitive_attributes": [],
          "private": "eyJlMmJmYjczMC1lY2FhLTExZTYtOGY4OC0zNDM2M2JjN2M0YzAiOnsiY3JlYXRlIjoxODAwMDAwMDAwMDAwLCJkZWxldGUiOjE4MDAwMDAwMDAwMDAsInJlYWQiOjMwMDAwMDAwMDAwMCwidXBkYXRlIjoxODAwMDAwMDAwMDAwfX0=",
          "dependencies": [
            "azurerm_windows_virtual_machine.main"
          ]
        }
      ]
    },
    {
      "mode": "managed",
      "type": "azurerm_windows_virtual_machine",
      "name": "main",
      "provider": "provider[\"registry.terraform.io/hashicorp/azurerm\"]",
      "instances": [
        {
          "schema_version": 0,
          "attributes": {
            "additional_capabilities": [],
            "additional_unattend_content": [],
            "admin_password": "nhico@bat1119",
            "admin_username": "vmadmin",
            "allow_extension_operations": true,
            "availability_set_id": "",
            "boot_diagnostics": [],
            "computer_name": "azbstest-vm",
            "custom_data": null,
            "dedicated_host_id": "",
            "enable_automatic_updates": true,
            "encryption_at_host_enabled": false,
            "eviction_policy": "",
            "extensions_time_budget": "PT1H30M",
            "id": "/subscriptions/070cc18b-23e9-40a9-9052-648282af77e7/resourceGroups/azbsresourcegroup/providers/Microsoft.Compute/virtualMachines/azbstest-vm",
            "identity": [],
            "license_type": "",
            "location": "eastus2",
            "max_bid_price": -1,
            "name": "azbstest-vm",
            "network_interface_ids": [
              "/subscriptions/070cc18b-23e9-40a9-9052-648282af77e7/resourceGroups/azbsresourcegroup/providers/Microsoft.Network/networkInterfaces/azbstest-nic"
            ],
            "os_disk": [
              {
                "caching": "ReadWrite",
                "diff_disk_settings": [],
                "disk_encryption_set_id": "",
                "disk_size_gb": 127,
                "name": "azbstest-vm_OsDisk_1_66bbaea7c125465daadf712308686fc3",
                "storage_account_type": "Standard_LRS",
                "write_accelerator_enabled": false
              }
            ],
            "patch_mode": "AutomaticByOS",
            "plan": [],
            "priority": "Regular",
            "private_ip_address": "10.1.0.6",
            "private_ip_addresses": [
              "10.1.0.6"
            ],
            "provision_vm_agent": true,
            "proximity_placement_group_id": "",
            "public_ip_address": "",
            "public_ip_addresses": [],
            "resource_group_name": "azbsresourcegroup",
            "secret": [],
            "size": "Standard_F2",
            "source_image_id": "",
            "source_image_reference": [
              {
                "offer": "WindowsServer",
                "publisher": "MicrosoftWindowsServer",
                "sku": "2016-Datacenter",
                "version": "latest"
              }
            ],
            "tags": {},
            "timeouts": null,
            "timezone": "",
            "virtual_machine_id": "fc93089b-1607-4dd1-af98-b0a4778eae41",
            "virtual_machine_scale_set_id": "",
            "winrm_listener": [],
            "zone": ""
          },
          "sensitive_attributes": [],
          "private": "eyJlMmJmYjczMC1lY2FhLTExZTYtOGY4OC0zNDM2M2JjN2M0YzAiOnsiY3JlYXRlIjoyNzAwMDAwMDAwMDAwLCJkZWxldGUiOjI3MDAwMDAwMDAwMDAsInJlYWQiOjMwMDAwMDAwMDAwMCwidXBkYXRlIjoyNzAwMDAwMDAwMDAwfX0=",
          "dependencies": [
            "azurerm_network_interface.main"
          ]
        }
      ]
    }
  ]
}
